
Microsoft Visual Studio Solution File, Format Version 12.00
Project("{FAE04EC0-301F-11D3-BF4B-00C04F79EFBC}") = "BookOverflow.AppHost", "BookOverflow.AppHost\BookOverflow.AppHost.csproj", "{71EA5F78-1EEA-4738-82E8-E3B07F62EDCA}"
EndProject
Project("{FAE04EC0-301F-11D3-BF4B-00C04F79EFBC}") = "BookOverflow.ServiceDefaults", "BookOverflow.ServiceDefaults\BookOverflow.ServiceDefaults.csproj", "{1E36578D-1E54-4219-B115-D29F036E35D3}"
EndProject
Project("{2150E333-8FDC-42A3-9474-1A3956D46DE8}") = "services", "services", "{236E8994-6591-42D4-A4F7-2A2615345B42}"
EndProject
Project("{FAE04EC0-301F-11D3-BF4B-00C04F79EFBC}") = "QuestionService", "QuestionService\QuestionService.csproj", "{E4C04F46-2A0F-4509-BB8C-670CFA07BB91}"
EndProject
Project("{FAE04EC0-301F-11D3-BF4B-00C04F79EFBC}") = "SearchService", "SearchService\SearchService.csproj", "{4D53721C-1795-437E-A2F0-8F2BED61D539}"
EndProject
Global
	GlobalSection(SolutionConfigurationPlatforms) = preSolution
		Debug|Any CPU = Debug|Any CPU
		Release|Any CPU = Release|Any CPU
	EndGlobalSection
	GlobalSection(ProjectConfigurationPlatforms) = postSolution
		{71EA5F78-1EEA-4738-82E8-E3B07F62EDCA}.Debug|Any CPU.ActiveCfg = Debug|Any CPU
		{71EA5F78-1EEA-4738-82E8-E3B07F62EDCA}.Debug|Any CPU.Build.0 = Debug|Any CPU
		{71EA5F78-1EEA-4738-82E8-E3B07F62EDCA}.Release|Any CPU.ActiveCfg = Release|Any CPU
		{71EA5F78-1EEA-4738-82E8-E3B07F62EDCA}.Release|Any CPU.Build.0 = Release|Any CPU
		{1E36578D-1E54-4219-B115-D29F036E35D3}.Debug|Any CPU.ActiveCfg = Debug|Any CPU
		{1E36578D-1E54-4219-B115-D29F036E35D3}.Debug|Any CPU.Build.0 = Debug|Any CPU
		{1E36578D-1E54-4219-B115-D29F036E35D3}.Release|Any CPU.ActiveCfg = Release|Any CPU
		{1E36578D-1E54-4219-B115-D29F036E35D3}.Release|Any CPU.Build.0 = Release|Any CPU
		{E4C04F46-2A0F-4509-BB8C-670CFA07BB91}.Debug|Any CPU.ActiveCfg = Debug|Any CPU
		{E4C04F46-2A0F-4509-BB8C-670CFA07BB91}.Debug|Any CPU.Build.0 = Debug|Any CPU
		{E4C04F46-2A0F-4509-BB8C-670CFA07BB91}.Release|Any CPU.ActiveCfg = Release|Any CPU
		{E4C04F46-2A0F-4509-BB8C-670CFA07BB91}.Release|Any CPU.Build.0 = Release|Any CPU
		{4D53721C-1795-437E-A2F0-8F2BED61D539}.Debug|Any CPU.ActiveCfg = Debug|Any CPU
		{4D53721C-1795-437E-A2F0-8F2BED61D539}.Debug|Any CPU.Build.0 = Debug|Any CPU
		{4D53721C-1795-437E-A2F0-8F2BED61D539}.Release|Any CPU.ActiveCfg = Release|Any CPU
		{4D53721C-1795-437E-A2F0-8F2BED61D539}.Release|Any CPU.Build.0 = Release|Any CPU
	EndGlobalSection
	GlobalSection(NestedProjects) = preSolution
		{E4C04F46-2A0F-4509-BB8C-670CFA07BB91} = {236E8994-6591-42D4-A4F7-2A2615345B42}
		{4D53721C-1795-437E-A2F0-8F2BED61D539} = {236E8994-6591-42D4-A4F7-2A2615345B42}
	EndGlobalSection
EndGlobal
